
Microsoft Visual Studio Solution File, Format Version 12.00
# Visual Studio Version 17
VisualStudioVersion = 17.12.35527.113
MinimumVisualStudioVersion = 10.0.40219.1
Project("{FAE04EC0-301F-11D3-BF4B-00C04F79EFBC}") = "FamilyWallet.Api", "FamilyWallet.Api\FamilyWallet.Api.csproj", "{B50B4ED6-70EA-4831-8536-6F6C328FFACE}"
EndProject
Project("{FAE04EC0-301F-11D3-BF4B-00C04F79EFBC}") = "FamilyWallet.Infraestructure", "FamilyWallet.Infraestructure\FamilyWallet.Infraestructure.csproj", "{B5AEF217-4051-4467-A4F6-35326E8512E9}"
EndProject
Global
	GlobalSection(SolutionConfigurationPlatforms) = preSolution
		Debug|Any CPU = Debug|Any CPU
		Release|Any CPU = Release|Any CPU
	EndGlobalSection
	GlobalSection(ProjectConfigurationPlatforms) = postSolution
		{B50B4ED6-70EA-4831-8536-6F6C328FFACE}.Debug|Any CPU.ActiveCfg = Debug|Any CPU
		{B50B4ED6-70EA-4831-8536-6F6C328FFACE}.Debug|Any CPU.Build.0 = Debug|Any CPU
		{B50B4ED6-70EA-4831-8536-6F6C328FFACE}.Release|Any CPU.ActiveCfg = Release|Any CPU
		{B50B4ED6-70EA-4831-8536-6F6C328FFACE}.Release|Any CPU.Build.0 = Release|Any CPU
		{B5AEF217-4051-4467-A4F6-35326E8512E9}.Debug|Any CPU.ActiveCfg = Debug|Any CPU
		{B5AEF217-4051-4467-A4F6-35326E8512E9}.Debug|Any CPU.Build.0 = Debug|Any CPU
		{B5AEF217-4051-4467-A4F6-35326E8512E9}.Release|Any CPU.ActiveCfg = Release|Any CPU
		{B5AEF217-4051-4467-A4F6-35326E8512E9}.Release|Any CPU.Build.0 = Release|Any CPU
	EndGlobalSection
	GlobalSection(SolutionProperties) = preSolution
		HideSolutionNode = FALSE
	EndGlobalSection
EndGlobal
